
Microsoft Visual Studio Solution File, Format Version 12.00
# Visual Studio 15
VisualStudioVersion = 15.0.28307.102
MinimumVisualStudioVersion = 10.0.40219.1
Project("{FAE04EC0-301F-11D3-BF4B-00C04F79EFBC}") = "NewBMD", "NewBMD\NewBMD.csproj", "{F949FFF5-E34A-4314-8A04-2E9F006F7D96}"
EndProject
Global
	GlobalSection(SolutionConfigurationPlatforms) = preSolution
		Debug|Any CPU = Debug|Any CPU
		Release|Any CPU = Release|Any CPU
	EndGlobalSection
	GlobalSection(ProjectConfigurationPlatforms) = postSolution
		{F949FFF5-E34A-4314-8A04-2E9F006F7D96}.Debug|Any CPU.ActiveCfg = Debug|Any CPU
		{F949FFF5-E34A-4314-8A04-2E9F006F7D96}.Debug|Any CPU.Build.0 = Debug|Any CPU
		{F949FFF5-E34A-4314-8A04-2E9F006F7D96}.Release|Any CPU.ActiveCfg = Release|Any CPU
		{F949FFF5-E34A-4314-8A04-2E9F006F7D96}.Release|Any CPU.Build.0 = Release|Any CPU
	EndGlobalSection
	GlobalSection(SolutionProperties) = preSolution
		HideSolutionNode = FALSE
	EndGlobalSection
	GlobalSection(ExtensibilityGlobals) = postSolution
		SolutionGuid = {FA96ADEA-E9EC-49D6-A4DD-194F2032A46E}
	EndGlobalSection
EndGlobal
